// !$*UTF8*$!
{
	archiveVersion = 1;
	classes = {
	};
	objectVersion = 56;
	objects = {

/* Begin PBXBuildFile section */
		43DD505257BF0797A60A7679 /* Pods_LoremPicsum.framework in Frameworks */ = {isa = PBXBuildFile; fileRef = 1F47EC399C4178B1055B5464 /* Pods_LoremPicsum.framework */; };
		4A18D9AC06A5B886FF466B30 /* Pods_LoremPicsumUITests.framework in Frameworks */ = {isa = PBXBuildFile; fileRef = 209575D0CDFC8B375A3C1707 /* Pods_LoremPicsumUITests.framework */; };
		4F893AF90EDA0C4808521E99 /* Pods_LoremPicsumTests.framework in Frameworks */ = {isa = PBXBuildFile; fileRef = 9A7E9829B1526F58EC5F6579 /* Pods_LoremPicsumTests.framework */; };
		DE0C325929B4DE4A00FB1C6A /* APIError.swift in Sources */ = {isa = PBXBuildFile; fileRef = DE0C325829B4DE4A00FB1C6A /* APIError.swift */; };
		DE0C325B29B4E17100FB1C6A /* FavouriteViewModel.swift in Sources */ = {isa = PBXBuildFile; fileRef = DE0C325A29B4E17100FB1C6A /* FavouriteViewModel.swift */; };
		DE0C325E29B4E2D500FB1C6A /* ImageElementView.swift in Sources */ = {isa = PBXBuildFile; fileRef = DE0C325D29B4E2D500FB1C6A /* ImageElementView.swift */; };
		DE3EC9C529B6261800EF904E /* ImageGalleryViewModelTests.swift in Sources */ = {isa = PBXBuildFile; fileRef = DE3EC9C429B6261800EF904E /* ImageGalleryViewModelTests.swift */; };
		DE3EC9C729B62AD100EF904E /* FavouriteViewModelTest.swift in Sources */ = {isa = PBXBuildFile; fileRef = DE3EC9C629B62AD100EF904E /* FavouriteViewModelTest.swift */; };
		DE3EC9C929B62C1700EF904E /* ImageViewerViewModel.swift in Sources */ = {isa = PBXBuildFile; fileRef = DE3EC9C829B62C1700EF904E /* ImageViewerViewModel.swift */; };
		DE3EC9CC29B62D0600EF904E /* ImageViewerViewModelTests.swift in Sources */ = {isa = PBXBuildFile; fileRef = DE3EC9CB29B62D0600EF904E /* ImageViewerViewModelTests.swift */; };
		DE67C82729B4A04C00988FD7 /* LoremPicsumApp.swift in Sources */ = {isa = PBXBuildFile; fileRef = DE67C82629B4A04C00988FD7 /* LoremPicsumApp.swift */; };
		DE67C82B29B4A04E00988FD7 /* Assets.xcassets in Resources */ = {isa = PBXBuildFile; fileRef = DE67C82A29B4A04E00988FD7 /* Assets.xcassets */; };
		DE67C82E29B4A04E00988FD7 /* Preview Assets.xcassets in Resources */ = {isa = PBXBuildFile; fileRef = DE67C82D29B4A04E00988FD7 /* Preview Assets.xcassets */; };
		DE67C83829B4A04E00988FD7 /* LoremPicsumTests.swift in Sources */ = {isa = PBXBuildFile; fileRef = DE67C83729B4A04E00988FD7 /* LoremPicsumTests.swift */; };
		DE67C84229B4A04E00988FD7 /* LoremPicsumUITests.swift in Sources */ = {isa = PBXBuildFile; fileRef = DE67C84129B4A04E00988FD7 /* LoremPicsumUITests.swift */; };
		DE67C84429B4A04E00988FD7 /* LoremPicsumUITestsLaunchTests.swift in Sources */ = {isa = PBXBuildFile; fileRef = DE67C84329B4A04E00988FD7 /* LoremPicsumUITestsLaunchTests.swift */; };
		DE67C85829B4AEE200988FD7 /* APIEndPoints.swift in Sources */ = {isa = PBXBuildFile; fileRef = DE67C85729B4AEE200988FD7 /* APIEndPoints.swift */; };
		DE67C85B29B4AF0300988FD7 /* String+Helper.swift in Sources */ = {isa = PBXBuildFile; fileRef = DE67C85A29B4AF0300988FD7 /* String+Helper.swift */; };
		DE67C86629B4B34500988FD7 /* HomeView.swift in Sources */ = {isa = PBXBuildFile; fileRef = DE67C86529B4B34500988FD7 /* HomeView.swift */; };
		DE67C87229B4B68400988FD7 /* LaunchScreen.storyboard in Resources */ = {isa = PBXBuildFile; fileRef = DE67C87029B4B68400988FD7 /* LaunchScreen.storyboard */; };
		DE67C87529B4B6D300988FD7 /* FavouritesManager.swift in Sources */ = {isa = PBXBuildFile; fileRef = DE67C87429B4B6D300988FD7 /* FavouritesManager.swift */; };
		DE67C87729B4B6DE00988FD7 /* UserDefaultsManager.swift in Sources */ = {isa = PBXBuildFile; fileRef = DE67C87629B4B6DE00988FD7 /* UserDefaultsManager.swift */; };
		DE67C87929B4B70500988FD7 /* APIManager.swift in Sources */ = {isa = PBXBuildFile; fileRef = DE67C87829B4B70500988FD7 /* APIManager.swift */; };
		DE67C87D29B4B75000988FD7 /* ImageServiceProtocol.swift in Sources */ = {isa = PBXBuildFile; fileRef = DE67C87C29B4B75000988FD7 /* ImageServiceProtocol.swift */; };
		DE67C87F29B4B76200988FD7 /* ImageService.swift in Sources */ = {isa = PBXBuildFile; fileRef = DE67C87E29B4B76200988FD7 /* ImageService.swift */; };
		DE67C88129B4B77500988FD7 /* MockImageService.swift in Sources */ = {isa = PBXBuildFile; fileRef = DE67C88029B4B77500988FD7 /* MockImageService.swift */; };
		DE67C88329B4B84300988FD7 /* ImageGalleryView.swift in Sources */ = {isa = PBXBuildFile; fileRef = DE67C88229B4B84300988FD7 /* ImageGalleryView.swift */; };
		DE67C88529B4B84E00988FD7 /* FavouriteView.swift in Sources */ = {isa = PBXBuildFile; fileRef = DE67C88429B4B84E00988FD7 /* FavouriteView.swift */; };
		DE67C88729B4B86100988FD7 /* ImageViewerView.swift in Sources */ = {isa = PBXBuildFile; fileRef = DE67C88629B4B86100988FD7 /* ImageViewerView.swift */; };
		DE67C88929B4B98D00988FD7 /* ImageElement.swift in Sources */ = {isa = PBXBuildFile; fileRef = DE67C88829B4B98D00988FD7 /* ImageElement.swift */; };
		DE67C88B29B4BD1F00988FD7 /* ImageGalleryViewModel.swift in Sources */ = {isa = PBXBuildFile; fileRef = DE67C88A29B4BD1F00988FD7 /* ImageGalleryViewModel.swift */; };
/* End PBXBuildFile section */

/* Begin PBXContainerItemProxy section */
		DE67C83429B4A04E00988FD7 /* PBXContainerItemProxy */ = {
			isa = PBXContainerItemProxy;
			containerPortal = DE67C81B29B4A04C00988FD7 /* Project object */;
			proxyType = 1;
			remoteGlobalIDString = DE67C82229B4A04C00988FD7;
			remoteInfo = LoremPicsum;
		};
		DE67C83E29B4A04E00988FD7 /* PBXContainerItemProxy */ = {
			isa = PBXContainerItemProxy;
			containerPortal = DE67C81B29B4A04C00988FD7 /* Project object */;
			proxyType = 1;
			remoteGlobalIDString = DE67C82229B4A04C00988FD7;
			remoteInfo = LoremPicsum;
		};
/* End PBXContainerItemProxy section */

/* Begin PBXFileReference section */
		1F47EC399C4178B1055B5464 /* Pods_LoremPicsum.framework */ = {isa = PBXFileReference; explicitFileType = wrapper.framework; includeInIndex = 0; path = Pods_LoremPicsum.framework; sourceTree = BUILT_PRODUCTS_DIR; };
		209575D0CDFC8B375A3C1707 /* Pods_LoremPicsumUITests.framework */ = {isa = PBXFileReference; explicitFileType = wrapper.framework; includeInIndex = 0; path = Pods_LoremPicsumUITests.framework; sourceTree = BUILT_PRODUCTS_DIR; };
		300FA349AD2F2EDB692BC90C /* Pods-LoremPicsumTests.debug.xcconfig */ = {isa = PBXFileReference; includeInIndex = 1; lastKnownFileType = text.xcconfig; name = "Pods-LoremPicsumTests.debug.xcconfig"; path = "Target Support Files/Pods-LoremPicsumTests/Pods-LoremPicsumTests.debug.xcconfig"; sourceTree = "<group>"; };
		3EC6FABE1980A842E322DA6F /* Pods-LoremPicsumUITests.debug.xcconfig */ = {isa = PBXFileReference; includeInIndex = 1; lastKnownFileType = text.xcconfig; name = "Pods-LoremPicsumUITests.debug.xcconfig"; path = "Target Support Files/Pods-LoremPicsumUITests/Pods-LoremPicsumUITests.debug.xcconfig"; sourceTree = "<group>"; };
		45FAEA9F455A8B589808640D /* Pods-LoremPicsumUITests.release.xcconfig */ = {isa = PBXFileReference; includeInIndex = 1; lastKnownFileType = text.xcconfig; name = "Pods-LoremPicsumUITests.release.xcconfig"; path = "Target Support Files/Pods-LoremPicsumUITests/Pods-LoremPicsumUITests.release.xcconfig"; sourceTree = "<group>"; };
		5A7CEBC0ECE4EB3F1E092B3D /* Pods-LoremPicsumTests.release.xcconfig */ = {isa = PBXFileReference; includeInIndex = 1; lastKnownFileType = text.xcconfig; name = "Pods-LoremPicsumTests.release.xcconfig"; path = "Target Support Files/Pods-LoremPicsumTests/Pods-LoremPicsumTests.release.xcconfig"; sourceTree = "<group>"; };
		8C1780EAC2B4AA16ABF66FDE /* Pods-LoremPicsum.release.xcconfig */ = {isa = PBXFileReference; includeInIndex = 1; lastKnownFileType = text.xcconfig; name = "Pods-LoremPicsum.release.xcconfig"; path = "Target Support Files/Pods-LoremPicsum/Pods-LoremPicsum.release.xcconfig"; sourceTree = "<group>"; };
		9A7E9829B1526F58EC5F6579 /* Pods_LoremPicsumTests.framework */ = {isa = PBXFileReference; explicitFileType = wrapper.framework; includeInIndex = 0; path = Pods_LoremPicsumTests.framework; sourceTree = BUILT_PRODUCTS_DIR; };
		DE0C325629B4D10700FB1C6A /* Info.plist */ = {isa = PBXFileReference; lastKnownFileType = text.plist; path = Info.plist; sourceTree = "<group>"; };
		DE0C325829B4DE4A00FB1C6A /* APIError.swift */ = {isa = PBXFileReference; lastKnownFileType = sourcecode.swift; path = APIError.swift; sourceTree = "<group>"; };
		DE0C325A29B4E17100FB1C6A /* FavouriteViewModel.swift */ = {isa = PBXFileReference; lastKnownFileType = sourcecode.swift; path = FavouriteViewModel.swift; sourceTree = "<group>"; };
		DE0C325D29B4E2D500FB1C6A /* ImageElementView.swift */ = {isa = PBXFileReference; lastKnownFileType = sourcecode.swift; path = ImageElementView.swift; sourceTree = "<group>"; };
		DE3EC9C429B6261800EF904E /* ImageGalleryViewModelTests.swift */ = {isa = PBXFileReference; lastKnownFileType = sourcecode.swift; path = ImageGalleryViewModelTests.swift; sourceTree = "<group>"; };
		DE3EC9C629B62AD100EF904E /* FavouriteViewModelTest.swift */ = {isa = PBXFileReference; lastKnownFileType = sourcecode.swift; path = FavouriteViewModelTest.swift; sourceTree = "<group>"; };
		DE3EC9C829B62C1700EF904E /* ImageViewerViewModel.swift */ = {isa = PBXFileReference; lastKnownFileType = sourcecode.swift; path = ImageViewerViewModel.swift; sourceTree = "<group>"; };
		DE3EC9CB29B62D0600EF904E /* ImageViewerViewModelTests.swift */ = {isa = PBXFileReference; lastKnownFileType = sourcecode.swift; path = ImageViewerViewModelTests.swift; sourceTree = "<group>"; };
		DE67C82329B4A04C00988FD7 /* LoremPicsum.app */ = {isa = PBXFileReference; explicitFileType = wrapper.application; includeInIndex = 0; path = LoremPicsum.app; sourceTree = BUILT_PRODUCTS_DIR; };
		DE67C82629B4A04C00988FD7 /* LoremPicsumApp.swift */ = {isa = PBXFileReference; lastKnownFileType = sourcecode.swift; path = LoremPicsumApp.swift; sourceTree = "<group>"; };
		DE67C82A29B4A04E00988FD7 /* Assets.xcassets */ = {isa = PBXFileReference; lastKnownFileType = folder.assetcatalog; path = Assets.xcassets; sourceTree = "<group>"; };
		DE67C82D29B4A04E00988FD7 /* Preview Assets.xcassets */ = {isa = PBXFileReference; lastKnownFileType = folder.assetcatalog; path = "Preview Assets.xcassets"; sourceTree = "<group>"; };
		DE67C83329B4A04E00988FD7 /* LoremPicsumTests.xctest */ = {isa = PBXFileReference; explicitFileType = wrapper.cfbundle; includeInIndex = 0; path = LoremPicsumTests.xctest; sourceTree = BUILT_PRODUCTS_DIR; };
		DE67C83729B4A04E00988FD7 /* LoremPicsumTests.swift */ = {isa = PBXFileReference; lastKnownFileType = sourcecode.swift; path = LoremPicsumTests.swift; sourceTree = "<group>"; };
		DE67C83D29B4A04E00988FD7 /* LoremPicsumUITests.xctest */ = {isa = PBXFileReference; explicitFileType = wrapper.cfbundle; includeInIndex = 0; path = LoremPicsumUITests.xctest; sourceTree = BUILT_PRODUCTS_DIR; };
		DE67C84129B4A04E00988FD7 /* LoremPicsumUITests.swift */ = {isa = PBXFileReference; lastKnownFileType = sourcecode.swift; path = LoremPicsumUITests.swift; sourceTree = "<group>"; };
		DE67C84329B4A04E00988FD7 /* LoremPicsumUITestsLaunchTests.swift */ = {isa = PBXFileReference; lastKnownFileType = sourcecode.swift; path = LoremPicsumUITestsLaunchTests.swift; sourceTree = "<group>"; };
		DE67C85729B4AEE200988FD7 /* APIEndPoints.swift */ = {isa = PBXFileReference; lastKnownFileType = sourcecode.swift; path = APIEndPoints.swift; sourceTree = "<group>"; };
		DE67C85A29B4AF0300988FD7 /* String+Helper.swift */ = {isa = PBXFileReference; lastKnownFileType = sourcecode.swift; path = "String+Helper.swift"; sourceTree = "<group>"; };
		DE67C86529B4B34500988FD7 /* HomeView.swift */ = {isa = PBXFileReference; lastKnownFileType = sourcecode.swift; path = HomeView.swift; sourceTree = "<group>"; };
		DE67C87129B4B68400988FD7 /* Base */ = {isa = PBXFileReference; lastKnownFileType = file.storyboard; name = Base; path = Base.lproj/LaunchScreen.storyboard; sourceTree = "<group>"; };
		DE67C87429B4B6D300988FD7 /* FavouritesManager.swift */ = {isa = PBXFileReference; lastKnownFileType = sourcecode.swift; path = FavouritesManager.swift; sourceTree = "<group>"; };
		DE67C87629B4B6DE00988FD7 /* UserDefaultsManager.swift */ = {isa = PBXFileReference; lastKnownFileType = sourcecode.swift; path = UserDefaultsManager.swift; sourceTree = "<group>"; };
		DE67C87829B4B70500988FD7 /* APIManager.swift */ = {isa = PBXFileReference; lastKnownFileType = sourcecode.swift; path = APIManager.swift; sourceTree = "<group>"; };
		DE67C87C29B4B75000988FD7 /* ImageServiceProtocol.swift */ = {isa = PBXFileReference; lastKnownFileType = sourcecode.swift; path = ImageServiceProtocol.swift; sourceTree = "<group>"; };
		DE67C87E29B4B76200988FD7 /* ImageService.swift */ = {isa = PBXFileReference; lastKnownFileType = sourcecode.swift; path = ImageService.swift; sourceTree = "<group>"; };
		DE67C88029B4B77500988FD7 /* MockImageService.swift */ = {isa = PBXFileReference; lastKnownFileType = sourcecode.swift; path = MockImageService.swift; sourceTree = "<group>"; };
		DE67C88229B4B84300988FD7 /* ImageGalleryView.swift */ = {isa = PBXFileReference; lastKnownFileType = sourcecode.swift; path = ImageGalleryView.swift; sourceTree = "<group>"; };
		DE67C88429B4B84E00988FD7 /* FavouriteView.swift */ = {isa = PBXFileReference; lastKnownFileType = sourcecode.swift; path = FavouriteView.swift; sourceTree = "<group>"; };
		DE67C88629B4B86100988FD7 /* ImageViewerView.swift */ = {isa = PBXFileReference; lastKnownFileType = sourcecode.swift; path = ImageViewerView.swift; sourceTree = "<group>"; };
		DE67C88829B4B98D00988FD7 /* ImageElement.swift */ = {isa = PBXFileReference; lastKnownFileType = sourcecode.swift; path = ImageElement.swift; sourceTree = "<group>"; };
		DE67C88A29B4BD1F00988FD7 /* ImageGalleryViewModel.swift */ = {isa = PBXFileReference; lastKnownFileType = sourcecode.swift; path = ImageGalleryViewModel.swift; sourceTree = "<group>"; };
		E9F7449292B3301385C90978 /* Pods-LoremPicsum.debug.xcconfig */ = {isa = PBXFileReference; includeInIndex = 1; lastKnownFileType = text.xcconfig; name = "Pods-LoremPicsum.debug.xcconfig"; path = "Target Support Files/Pods-LoremPicsum/Pods-LoremPicsum.debug.xcconfig"; sourceTree = "<group>"; };
/* End PBXFileReference section */

/* Begin PBXFrameworksBuildPhase section */
		DE67C82029B4A04C00988FD7 /* Frameworks */ = {
			isa = PBXFrameworksBuildPhase;
			buildActionMask = 2147483647;
			files = (
				43DD505257BF0797A60A7679 /* Pods_LoremPicsum.framework in Frameworks */,
			);
			runOnlyForDeploymentPostprocessing = 0;
		};
		DE67C83029B4A04E00988FD7 /* Frameworks */ = {
			isa = PBXFrameworksBuildPhase;
			buildActionMask = 2147483647;
			files = (
				4F893AF90EDA0C4808521E99 /* Pods_LoremPicsumTests.framework in Frameworks */,
			);
			runOnlyForDeploymentPostprocessing = 0;
		};
		DE67C83A29B4A04E00988FD7 /* Frameworks */ = {
			isa = PBXFrameworksBuildPhase;
			buildActionMask = 2147483647;
			files = (
				4A18D9AC06A5B886FF466B30 /* Pods_LoremPicsumUITests.framework in Frameworks */,
			);
			runOnlyForDeploymentPostprocessing = 0;
		};
/* End PBXFrameworksBuildPhase section */

/* Begin PBXGroup section */
		35D6AB1F1416288E2E569A35 /* Pods */ = {
			isa = PBXGroup;
			children = (
				E9F7449292B3301385C90978 /* Pods-LoremPicsum.debug.xcconfig */,
				8C1780EAC2B4AA16ABF66FDE /* Pods-LoremPicsum.release.xcconfig */,
				300FA349AD2F2EDB692BC90C /* Pods-LoremPicsumTests.debug.xcconfig */,
				5A7CEBC0ECE4EB3F1E092B3D /* Pods-LoremPicsumTests.release.xcconfig */,
				3EC6FABE1980A842E322DA6F /* Pods-LoremPicsumUITests.debug.xcconfig */,
				45FAEA9F455A8B589808640D /* Pods-LoremPicsumUITests.release.xcconfig */,
			);
			name = Pods;
			path = ../Pods;
			sourceTree = "<group>";
		};
		4BCC340C061E3F1BA43BBB34 /* Frameworks */ = {
			isa = PBXGroup;
			children = (
				1F47EC399C4178B1055B5464 /* Pods_LoremPicsum.framework */,
				9A7E9829B1526F58EC5F6579 /* Pods_LoremPicsumTests.framework */,
				209575D0CDFC8B375A3C1707 /* Pods_LoremPicsumUITests.framework */,
			);
			name = Frameworks;
			sourceTree = "<group>";
		};
		DE0C325C29B4E2C900FB1C6A /* Views */ = {
			isa = PBXGroup;
			children = (
				DE0C325D29B4E2D500FB1C6A /* ImageElementView.swift */,
			);
			path = Views;
			sourceTree = "<group>";
		};
		DE3EC9CA29B62C1C00EF904E /* ViewModel */ = {
			isa = PBXGroup;
			children = (
				DE3EC9C829B62C1700EF904E /* ImageViewerViewModel.swift */,
			);
			path = ViewModel;
			sourceTree = "<group>";
		};
		DE67C81A29B4A04B00988FD7 = {
			isa = PBXGroup;
			children = (
				DE67C82529B4A04C00988FD7 /* LoremPicsum */,
				DE67C83629B4A04E00988FD7 /* LoremPicsumTests */,
				DE67C84029B4A04E00988FD7 /* LoremPicsumUITests */,
				DE67C82429B4A04C00988FD7 /* Products */,
				35D6AB1F1416288E2E569A35 /* Pods */,
				4BCC340C061E3F1BA43BBB34 /* Frameworks */,
			);
			sourceTree = "<group>";
		};
		DE67C82429B4A04C00988FD7 /* Products */ = {
			isa = PBXGroup;
			children = (
				DE67C82329B4A04C00988FD7 /* LoremPicsum.app */,
				DE67C83329B4A04E00988FD7 /* LoremPicsumTests.xctest */,
				DE67C83D29B4A04E00988FD7 /* LoremPicsumUITests.xctest */,
			);
			name = Products;
			sourceTree = "<group>";
		};
		DE67C82529B4A04C00988FD7 /* LoremPicsum */ = {
			isa = PBXGroup;
			children = (
				DE67C85029B4A47800988FD7 /* Scenes */,
				DE67C85129B4A47D00988FD7 /* Infra */,
				DE67C85229B4A48A00988FD7 /* AppResources */,
				DE67C85529B4A66000988FD7 /* SupportingFiles */,
			);
			path = LoremPicsum;
			sourceTree = "<group>";
		};
		DE67C83629B4A04E00988FD7 /* LoremPicsumTests */ = {
			isa = PBXGroup;
			children = (
				DE67C83729B4A04E00988FD7 /* LoremPicsumTests.swift */,
				DE3EC9C429B6261800EF904E /* ImageGalleryViewModelTests.swift */,
				DE3EC9C629B62AD100EF904E /* FavouriteViewModelTest.swift */,
				DE3EC9CB29B62D0600EF904E /* ImageViewerViewModelTests.swift */,
			);
			path = LoremPicsumTests;
			sourceTree = "<group>";
		};
		DE67C84029B4A04E00988FD7 /* LoremPicsumUITests */ = {
			isa = PBXGroup;
			children = (
				DE67C84129B4A04E00988FD7 /* LoremPicsumUITests.swift */,
				DE67C84329B4A04E00988FD7 /* LoremPicsumUITestsLaunchTests.swift */,
			);
			path = LoremPicsumUITests;
			sourceTree = "<group>";
		};
		DE67C85029B4A47800988FD7 /* Scenes */ = {
			isa = PBXGroup;
			children = (
				DE67C85E29B4B2D400988FD7 /* Home */,
				DE67C85F29B4B2D900988FD7 /* ImageGallery */,
				DE67C86029B4B2E600988FD7 /* Favourite */,
				DE67C86129B4B2FC00988FD7 /* ImageViewer */,
			);
			path = Scenes;
			sourceTree = "<group>";
		};
		DE67C85129B4A47D00988FD7 /* Infra */ = {
			isa = PBXGroup;
			children = (
				DE0C325C29B4E2C900FB1C6A /* Views */,
				DE67C87B29B4B73900988FD7 /* Services */,
				DE67C87A29B4B73300988FD7 /* Protocols */,
				DE67C87329B4B6BE00988FD7 /* Manager */,
				DE67C85929B4AEF700988FD7 /* Extensions */,
				DE67C85629B4AECF00988FD7 /* Enums */,
			);
			path = Infra;
			sourceTree = "<group>";
		};
		DE67C85229B4A48A00988FD7 /* AppResources */ = {
			isa = PBXGroup;
			children = (
				DE67C87029B4B68400988FD7 /* LaunchScreen.storyboard */,
				DE67C82A29B4A04E00988FD7 /* Assets.xcassets */,
				DE67C82D29B4A04E00988FD7 /* Preview Assets.xcassets */,
			);
			path = AppResources;
			sourceTree = "<group>";
		};
		DE67C85529B4A66000988FD7 /* SupportingFiles */ = {
			isa = PBXGroup;
			children = (
				DE0C325629B4D10700FB1C6A /* Info.plist */,
				DE67C82629B4A04C00988FD7 /* LoremPicsumApp.swift */,
			);
			name = SupportingFiles;
			sourceTree = "<group>";
		};
		DE67C85629B4AECF00988FD7 /* Enums */ = {
			isa = PBXGroup;
			children = (
				DE67C85729B4AEE200988FD7 /* APIEndPoints.swift */,
				DE0C325829B4DE4A00FB1C6A /* APIError.swift */,
			);
			path = Enums;
			sourceTree = "<group>";
		};
		DE67C85929B4AEF700988FD7 /* Extensions */ = {
			isa = PBXGroup;
			children = (
				DE67C85A29B4AF0300988FD7 /* String+Helper.swift */,
			);
			path = Extensions;
			sourceTree = "<group>";
		};
		DE67C85E29B4B2D400988FD7 /* Home */ = {
			isa = PBXGroup;
			children = (
				DE67C86329B4B32A00988FD7 /* View */,
			);
			path = Home;
			sourceTree = "<group>";
		};
		DE67C85F29B4B2D900988FD7 /* ImageGallery */ = {
			isa = PBXGroup;
			children = (
				DE67C86B29B4B35E00988FD7 /* Model */,
				DE67C86A29B4B35A00988FD7 /* View */,
				DE67C86929B4B35400988FD7 /* ViewModel */,
			);
			path = ImageGallery;
			sourceTree = "<group>";
		};
		DE67C86029B4B2E600988FD7 /* Favourite */ = {
			isa = PBXGroup;
			children = (
				DE67C86D29B4B37400988FD7 /* View */,
				DE67C86C29B4B36200988FD7 /* ViewModel */,
			);
			path = Favourite;
			sourceTree = "<group>";
		};
		DE67C86129B4B2FC00988FD7 /* ImageViewer */ = {
			isa = PBXGroup;
			children = (
				DE67C86F29B4B37D00988FD7 /* View */,
				DE3EC9CA29B62C1C00EF904E /* ViewModel */,
			);
			path = ImageViewer;
			sourceTree = "<group>";
		};
		DE67C86329B4B32A00988FD7 /* View */ = {
			isa = PBXGroup;
			children = (
				DE67C86529B4B34500988FD7 /* HomeView.swift */,
			);
			path = View;
			sourceTree = "<group>";
		};
		DE67C86929B4B35400988FD7 /* ViewModel */ = {
			isa = PBXGroup;
			children = (
				DE67C88A29B4BD1F00988FD7 /* ImageGalleryViewModel.swift */,
			);
			path = ViewModel;
			sourceTree = "<group>";
		};
		DE67C86A29B4B35A00988FD7 /* View */ = {
			isa = PBXGroup;
			children = (
				DE67C88229B4B84300988FD7 /* ImageGalleryView.swift */,
			);
			path = View;
			sourceTree = "<group>";
		};
		DE67C86B29B4B35E00988FD7 /* Model */ = {
			isa = PBXGroup;
			children = (
				DE67C88829B4B98D00988FD7 /* ImageElement.swift */,
			);
			path = Model;
			sourceTree = "<group>";
		};
		DE67C86C29B4B36200988FD7 /* ViewModel */ = {
			isa = PBXGroup;
			children = (
				DE0C325A29B4E17100FB1C6A /* FavouriteViewModel.swift */,
			);
			path = ViewModel;
			sourceTree = "<group>";
		};
		DE67C86D29B4B37400988FD7 /* View */ = {
			isa = PBXGroup;
			children = (
				DE67C88429B4B84E00988FD7 /* FavouriteView.swift */,
			);
			path = View;
			sourceTree = "<group>";
		};
		DE67C86F29B4B37D00988FD7 /* View */ = {
			isa = PBXGroup;
			children = (
				DE67C88629B4B86100988FD7 /* ImageViewerView.swift */,
			);
			path = View;
			sourceTree = "<group>";
		};
		DE67C87329B4B6BE00988FD7 /* Manager */ = {
			isa = PBXGroup;
			children = (
				DE67C87429B4B6D300988FD7 /* FavouritesManager.swift */,
				DE67C87629B4B6DE00988FD7 /* UserDefaultsManager.swift */,
				DE67C87829B4B70500988FD7 /* APIManager.swift */,
			);
			path = Manager;
			sourceTree = "<group>";
		};
		DE67C87A29B4B73300988FD7 /* Protocols */ = {
			isa = PBXGroup;
			children = (
				DE67C87C29B4B75000988FD7 /* ImageServiceProtocol.swift */,
			);
			path = Protocols;
			sourceTree = "<group>";
		};
		DE67C87B29B4B73900988FD7 /* Services */ = {
			isa = PBXGroup;
			children = (
				DE67C87E29B4B76200988FD7 /* ImageService.swift */,
				DE67C88029B4B77500988FD7 /* MockImageService.swift */,
			);
			path = Services;
			sourceTree = "<group>";
		};
/* End PBXGroup section */

/* Begin PBXNativeTarget section */
		DE67C82229B4A04C00988FD7 /* LoremPicsum */ = {
			isa = PBXNativeTarget;
			buildConfigurationList = DE67C84729B4A04E00988FD7 /* Build configuration list for PBXNativeTarget "LoremPicsum" */;
			buildPhases = (
				DA5F53A63723207496C3514A /* [CP] Check Pods Manifest.lock */,
				DE67C81F29B4A04C00988FD7 /* Sources */,
				DE67C82029B4A04C00988FD7 /* Frameworks */,
				DE67C82129B4A04C00988FD7 /* Resources */,
				D78921AE1ED5CDCCE89E1DEB /* [CP] Embed Pods Frameworks */,
				DE0C325729B4D27F00FB1C6A /* SwiftLint */,
			);
			buildRules = (
			);
			dependencies = (
			);
			name = LoremPicsum;
			productName = LoremPicsum;
			productReference = DE67C82329B4A04C00988FD7 /* LoremPicsum.app */;
			productType = "com.apple.product-type.application";
		};
		DE67C83229B4A04E00988FD7 /* LoremPicsumTests */ = {
			isa = PBXNativeTarget;
			buildConfigurationList = DE67C84A29B4A04E00988FD7 /* Build configuration list for PBXNativeTarget "LoremPicsumTests" */;
			buildPhases = (
				6FF64E787DDC564E767B7F79 /* [CP] Check Pods Manifest.lock */,
				DE67C82F29B4A04E00988FD7 /* Sources */,
				DE67C83029B4A04E00988FD7 /* Frameworks */,
				DE67C83129B4A04E00988FD7 /* Resources */,
				3A6E1148E0E58C2D52BCD695 /* [CP] Embed Pods Frameworks */,
			);
			buildRules = (
			);
			dependencies = (
				DE67C83529B4A04E00988FD7 /* PBXTargetDependency */,
			);
			name = LoremPicsumTests;
			productName = LoremPicsumTests;
			productReference = DE67C83329B4A04E00988FD7 /* LoremPicsumTests.xctest */;
			productType = "com.apple.product-type.bundle.unit-test";
		};
		DE67C83C29B4A04E00988FD7 /* LoremPicsumUITests */ = {
			isa = PBXNativeTarget;
			buildConfigurationList = DE67C84D29B4A04E00988FD7 /* Build configuration list for PBXNativeTarget "LoremPicsumUITests" */;
			buildPhases = (
				619E28A32C825A3D76AC0A3D /* [CP] Check Pods Manifest.lock */,
				DE67C83929B4A04E00988FD7 /* Sources */,
				DE67C83A29B4A04E00988FD7 /* Frameworks */,
				DE67C83B29B4A04E00988FD7 /* Resources */,
				C0F606C2F54A4EC5CB96F695 /* [CP] Embed Pods Frameworks */,
			);
			buildRules = (
			);
			dependencies = (
				DE67C83F29B4A04E00988FD7 /* PBXTargetDependency */,
			);
			name = LoremPicsumUITests;
			productName = LoremPicsumUITests;
			productReference = DE67C83D29B4A04E00988FD7 /* LoremPicsumUITests.xctest */;
			productType = "com.apple.product-type.bundle.ui-testing";
		};
/* End PBXNativeTarget section */

/* Begin PBXProject section */
		DE67C81B29B4A04C00988FD7 /* Project object */ = {
			isa = PBXProject;
			attributes = {
				BuildIndependentTargetsInParallel = 1;
				LastSwiftUpdateCheck = 1420;
				LastUpgradeCheck = 1420;
				TargetAttributes = {
					DE67C82229B4A04C00988FD7 = {
						CreatedOnToolsVersion = 14.2;
					};
					DE67C83229B4A04E00988FD7 = {
						CreatedOnToolsVersion = 14.2;
						TestTargetID = DE67C82229B4A04C00988FD7;
					};
					DE67C83C29B4A04E00988FD7 = {
						CreatedOnToolsVersion = 14.2;
						TestTargetID = DE67C82229B4A04C00988FD7;
					};
				};
			};
			buildConfigurationList = DE67C81E29B4A04C00988FD7 /* Build configuration list for PBXProject "LoremPicsum" */;
			compatibilityVersion = "Xcode 14.0";
			developmentRegion = en;
			hasScannedForEncodings = 0;
			knownRegions = (
				en,
				Base,
			);
			mainGroup = DE67C81A29B4A04B00988FD7;
			productRefGroup = DE67C82429B4A04C00988FD7 /* Products */;
			projectDirPath = "";
			projectRoot = "";
			targets = (
				DE67C82229B4A04C00988FD7 /* LoremPicsum */,
				DE67C83229B4A04E00988FD7 /* LoremPicsumTests */,
				DE67C83C29B4A04E00988FD7 /* LoremPicsumUITests */,
			);
		};
/* End PBXProject section */

/* Begin PBXResourcesBuildPhase section */
		DE67C82129B4A04C00988FD7 /* Resources */ = {
			isa = PBXResourcesBuildPhase;
			buildActionMask = 2147483647;
			files = (
				DE67C87229B4B68400988FD7 /* LaunchScreen.storyboard in Resources */,
				DE67C82E29B4A04E00988FD7 /* Preview Assets.xcassets in Resources */,
				DE67C82B29B4A04E00988FD7 /* Assets.xcassets in Resources */,
			);
			runOnlyForDeploymentPostprocessing = 0;
		};
		DE67C83129B4A04E00988FD7 /* Resources */ = {
			isa = PBXResourcesBuildPhase;
			buildActionMask = 2147483647;
			files = (
			);
			runOnlyForDeploymentPostprocessing = 0;
		};
		DE67C83B29B4A04E00988FD7 /* Resources */ = {
			isa = PBXResourcesBuildPhase;
			buildActionMask = 2147483647;
			files = (
			);
			runOnlyForDeploymentPostprocessing = 0;
		};
/* End PBXResourcesBuildPhase section */

/* Begin PBXShellScriptBuildPhase section */
		3A6E1148E0E58C2D52BCD695 /* [CP] Embed Pods Frameworks */ = {
			isa = PBXShellScriptBuildPhase;
			buildActionMask = 2147483647;
			files = (
			);
			inputFileListPaths = (
				"${PODS_ROOT}/Target Support Files/Pods-LoremPicsumTests/Pods-LoremPicsumTests-frameworks-${CONFIGURATION}-input-files.xcfilelist",
			);
			name = "[CP] Embed Pods Frameworks";
			outputFileListPaths = (
				"${PODS_ROOT}/Target Support Files/Pods-LoremPicsumTests/Pods-LoremPicsumTests-frameworks-${CONFIGURATION}-output-files.xcfilelist",
			);
			runOnlyForDeploymentPostprocessing = 0;
			shellPath = /bin/sh;
			shellScript = "\"${PODS_ROOT}/Target Support Files/Pods-LoremPicsumTests/Pods-LoremPicsumTests-frameworks.sh\"\n";
			showEnvVarsInLog = 0;
		};
		619E28A32C825A3D76AC0A3D /* [CP] Check Pods Manifest.lock */ = {
			isa = PBXShellScriptBuildPhase;
			buildActionMask = 2147483647;
			files = (
			);
			inputFileListPaths = (
			);
			inputPaths = (
				"${PODS_PODFILE_DIR_PATH}/Podfile.lock",
				"${PODS_ROOT}/Manifest.lock",
			);
			name = "[CP] Check Pods Manifest.lock";
			outputFileListPaths = (
			);
			outputPaths = (
				"$(DERIVED_FILE_DIR)/Pods-LoremPicsumUITests-checkManifestLockResult.txt",
			);
			runOnlyForDeploymentPostprocessing = 0;
			shellPath = /bin/sh;
			shellScript = "diff \"${PODS_PODFILE_DIR_PATH}/Podfile.lock\" \"${PODS_ROOT}/Manifest.lock\" > /dev/null\nif [ $? != 0 ] ; then\n    # print error to STDERR\n    echo \"error: The sandbox is not in sync with the Podfile.lock. Run 'pod install' or update your CocoaPods installation.\" >&2\n    exit 1\nfi\n# This output is used by Xcode 'outputs' to avoid re-running this script phase.\necho \"SUCCESS\" > \"${SCRIPT_OUTPUT_FILE_0}\"\n";
			showEnvVarsInLog = 0;
		};
		6FF64E787DDC564E767B7F79 /* [CP] Check Pods Manifest.lock */ = {
			isa = PBXShellScriptBuildPhase;
			buildActionMask = 2147483647;
			files = (
			);
			inputFileListPaths = (
			);
			inputPaths = (
				"${PODS_PODFILE_DIR_PATH}/Podfile.lock",
				"${PODS_ROOT}/Manifest.lock",
			);
			name = "[CP] Check Pods Manifest.lock";
			outputFileListPaths = (
			);
			outputPaths = (
				"$(DERIVED_FILE_DIR)/Pods-LoremPicsumTests-checkManifestLockResult.txt",
			);
			runOnlyForDeploymentPostprocessing = 0;
			shellPath = /bin/sh;
			shellScript = "diff \"${PODS_PODFILE_DIR_PATH}/Podfile.lock\" \"${PODS_ROOT}/Manifest.lock\" > /dev/null\nif [ $? != 0 ] ; then\n    # print error to STDERR\n    echo \"error: The sandbox is not in sync with the Podfile.lock. Run 'pod install' or update your CocoaPods installation.\" >&2\n    exit 1\nfi\n# This output is used by Xcode 'outputs' to avoid re-running this script phase.\necho \"SUCCESS\" > \"${SCRIPT_OUTPUT_FILE_0}\"\n";
			showEnvVarsInLog = 0;
		};
		C0F606C2F54A4EC5CB96F695 /* [CP] Embed Pods Frameworks */ = {
			isa = PBXShellScriptBuildPhase;
			buildActionMask = 2147483647;
			files = (
			);
			inputFileListPaths = (
				"${PODS_ROOT}/Target Support Files/Pods-LoremPicsumUITests/Pods-LoremPicsumUITests-frameworks-${CONFIGURATION}-input-files.xcfilelist",
			);
			name = "[CP] Embed Pods Frameworks";
			outputFileListPaths = (
				"${PODS_ROOT}/Target Support Files/Pods-LoremPicsumUITests/Pods-LoremPicsumUITests-frameworks-${CONFIGURATION}-output-files.xcfilelist",
			);
			runOnlyForDeploymentPostprocessing = 0;
			shellPath = /bin/sh;
			shellScript = "\"${PODS_ROOT}/Target Support Files/Pods-LoremPicsumUITests/Pods-LoremPicsumUITests-frameworks.sh\"\n";
			showEnvVarsInLog = 0;
		};
		D78921AE1ED5CDCCE89E1DEB /* [CP] Embed Pods Frameworks */ = {
			isa = PBXShellScriptBuildPhase;
			buildActionMask = 2147483647;
			files = (
			);
			inputFileListPaths = (
				"${PODS_ROOT}/Target Support Files/Pods-LoremPicsum/Pods-LoremPicsum-frameworks-${CONFIGURATION}-input-files.xcfilelist",
			);
			name = "[CP] Embed Pods Frameworks";
			outputFileListPaths = (
				"${PODS_ROOT}/Target Support Files/Pods-LoremPicsum/Pods-LoremPicsum-frameworks-${CONFIGURATION}-output-files.xcfilelist",
			);
			runOnlyForDeploymentPostprocessing = 0;
			shellPath = /bin/sh;
			shellScript = "\"${PODS_ROOT}/Target Support Files/Pods-LoremPicsum/Pods-LoremPicsum-frameworks.sh\"\n";
			showEnvVarsInLog = 0;
		};
		DA5F53A63723207496C3514A /* [CP] Check Pods Manifest.lock */ = {
			isa = PBXShellScriptBuildPhase;
			buildActionMask = 2147483647;
			files = (
			);
			inputFileListPaths = (
			);
			inputPaths = (
				"${PODS_PODFILE_DIR_PATH}/Podfile.lock",
				"${PODS_ROOT}/Manifest.lock",
			);
			name = "[CP] Check Pods Manifest.lock";
			outputFileListPaths = (
			);
			outputPaths = (
				"$(DERIVED_FILE_DIR)/Pods-LoremPicsum-checkManifestLockResult.txt",
			);
			runOnlyForDeploymentPostprocessing = 0;
			shellPath = /bin/sh;
			shellScript = "diff \"${PODS_PODFILE_DIR_PATH}/Podfile.lock\" \"${PODS_ROOT}/Manifest.lock\" > /dev/null\nif [ $? != 0 ] ; then\n    # print error to STDERR\n    echo \"error: The sandbox is not in sync with the Podfile.lock. Run 'pod install' or update your CocoaPods installation.\" >&2\n    exit 1\nfi\n# This output is used by Xcode 'outputs' to avoid re-running this script phase.\necho \"SUCCESS\" > \"${SCRIPT_OUTPUT_FILE_0}\"\n";
			showEnvVarsInLog = 0;
		};
		DE0C325729B4D27F00FB1C6A /* SwiftLint */ = {
			isa = PBXShellScriptBuildPhase;
			alwaysOutOfDate = 1;
			buildActionMask = 2147483647;
			files = (
			);
			inputFileListPaths = (
			);
			inputPaths = (
			);
			name = SwiftLint;
			outputFileListPaths = (
			);
			outputPaths = (
			);
			runOnlyForDeploymentPostprocessing = 0;
			shellPath = /bin/sh;
			shellScript = "# Type a script or drag a script file from your workspace to insert its path.\n${PODS_ROOT}/SwiftLint/swiftlint --config ${PODS_ROOT}/../.swiftlint.yml\n";
		};
/* End PBXShellScriptBuildPhase section */

/* Begin PBXSourcesBuildPhase section */
		DE67C81F29B4A04C00988FD7 /* Sources */ = {
			isa = PBXSourcesBuildPhase;
			buildActionMask = 2147483647;
			files = (
				DE67C87D29B4B75000988FD7 /* ImageServiceProtocol.swift in Sources */,
				DE67C87529B4B6D300988FD7 /* FavouritesManager.swift in Sources */,
				DE0C325B29B4E17100FB1C6A /* FavouriteViewModel.swift in Sources */,
				DE67C82729B4A04C00988FD7 /* LoremPicsumApp.swift in Sources */,
				DE67C88929B4B98D00988FD7 /* ImageElement.swift in Sources */,
				DE0C325E29B4E2D500FB1C6A /* ImageElementView.swift in Sources */,
				DE67C88329B4B84300988FD7 /* ImageGalleryView.swift in Sources */,
				DE67C88B29B4BD1F00988FD7 /* ImageGalleryViewModel.swift in Sources */,
				DE67C87F29B4B76200988FD7 /* ImageService.swift in Sources */,
				DE67C88729B4B86100988FD7 /* ImageViewerView.swift in Sources */,
				DE67C88529B4B84E00988FD7 /* FavouriteView.swift in Sources */,
				DE67C87929B4B70500988FD7 /* APIManager.swift in Sources */,
				DE67C85B29B4AF0300988FD7 /* String+Helper.swift in Sources */,
				DE67C86629B4B34500988FD7 /* HomeView.swift in Sources */,
				DE67C87729B4B6DE00988FD7 /* UserDefaultsManager.swift in Sources */,
				DE3EC9C929B62C1700EF904E /* ImageViewerViewModel.swift in Sources */,
				DE0C325929B4DE4A00FB1C6A /* APIError.swift in Sources */,
				DE67C85829B4AEE200988FD7 /* APIEndPoints.swift in Sources */,
				DE67C88129B4B77500988FD7 /* MockImageService.swift in Sources */,
			);
			runOnlyForDeploymentPostprocessing = 0;
		};
		DE67C82F29B4A04E00988FD7 /* Sources */ = {
			isa = PBXSourcesBuildPhase;
			buildActionMask = 2147483647;
			files = (
				DE3EC9C529B6261800EF904E /* ImageGalleryViewModelTests.swift in Sources */,
				DE67C83829B4A04E00988FD7 /* LoremPicsumTests.swift in Sources */,
				DE3EC9CC29B62D0600EF904E /* ImageViewerViewModelTests.swift in Sources */,
				DE3EC9C729B62AD100EF904E /* FavouriteViewModelTest.swift in Sources */,
			);
			runOnlyForDeploymentPostprocessing = 0;
		};
		DE67C83929B4A04E00988FD7 /* Sources */ = {
			isa = PBXSourcesBuildPhase;
			buildActionMask = 2147483647;
			files = (
				DE67C84229B4A04E00988FD7 /* LoremPicsumUITests.swift in Sources */,
				DE67C84429B4A04E00988FD7 /* LoremPicsumUITestsLaunchTests.swift in Sources */,
			);
			runOnlyForDeploymentPostprocessing = 0;
		};
/* End PBXSourcesBuildPhase section */

/* Begin PBXTargetDependency section */
		DE67C83529B4A04E00988FD7 /* PBXTargetDependency */ = {
			isa = PBXTargetDependency;
			target = DE67C82229B4A04C00988FD7 /* LoremPicsum */;
			targetProxy = DE67C83429B4A04E00988FD7 /* PBXContainerItemProxy */;
		};
		DE67C83F29B4A04E00988FD7 /* PBXTargetDependency */ = {
			isa = PBXTargetDependency;
			target = DE67C82229B4A04C00988FD7 /* LoremPicsum */;
			targetProxy = DE67C83E29B4A04E00988FD7 /* PBXContainerItemProxy */;
		};
/* End PBXTargetDependency section */

/* Begin PBXVariantGroup section */
		DE67C87029B4B68400988FD7 /* LaunchScreen.storyboard */ = {
			isa = PBXVariantGroup;
			children = (
				DE67C87129B4B68400988FD7 /* Base */,
			);
			name = LaunchScreen.storyboard;
			sourceTree = "<group>";
		};
/* End PBXVariantGroup section */

/* Begin XCBuildConfiguration section */
		DE67C84529B4A04E00988FD7 /* Debug */ = {
			isa = XCBuildConfiguration;
			buildSettings = {
				ALWAYS_SEARCH_USER_PATHS = NO;
				CLANG_ANALYZER_NONNULL = YES;
				CLANG_ANALYZER_NUMBER_OBJECT_CONVERSION = YES_AGGRESSIVE;
				CLANG_CXX_LANGUAGE_STANDARD = "gnu++20";
				CLANG_ENABLE_MODULES = YES;
				CLANG_ENABLE_OBJC_ARC = YES;
				CLANG_ENABLE_OBJC_WEAK = YES;
				CLANG_WARN_BLOCK_CAPTURE_AUTORELEASING = YES;
				CLANG_WARN_BOOL_CONVERSION = YES;
				CLANG_WARN_COMMA = YES;
				CLANG_WARN_CONSTANT_CONVERSION = YES;
				CLANG_WARN_DEPRECATED_OBJC_IMPLEMENTATIONS = YES;
				CLANG_WARN_DIRECT_OBJC_ISA_USAGE = YES_ERROR;
				CLANG_WARN_DOCUMENTATION_COMMENTS = YES;
				CLANG_WARN_EMPTY_BODY = YES;
				CLANG_WARN_ENUM_CONVERSION = YES;
				CLANG_WARN_INFINITE_RECURSION = YES;
				CLANG_WARN_INT_CONVERSION = YES;
				CLANG_WARN_NON_LITERAL_NULL_CONVERSION = YES;
				CLANG_WARN_OBJC_IMPLICIT_RETAIN_SELF = YES;
				CLANG_WARN_OBJC_LITERAL_CONVERSION = YES;
				CLANG_WARN_OBJC_ROOT_CLASS = YES_ERROR;
				CLANG_WARN_QUOTED_INCLUDE_IN_FRAMEWORK_HEADER = YES;
				CLANG_WARN_RANGE_LOOP_ANALYSIS = YES;
				CLANG_WARN_STRICT_PROTOTYPES = YES;
				CLANG_WARN_SUSPICIOUS_MOVE = YES;
				CLANG_WARN_UNGUARDED_AVAILABILITY = YES_AGGRESSIVE;
				CLANG_WARN_UNREACHABLE_CODE = YES;
				CLANG_WARN__DUPLICATE_METHOD_MATCH = YES;
				COPY_PHASE_STRIP = NO;
				DEBUG_INFORMATION_FORMAT = dwarf;
				ENABLE_STRICT_OBJC_MSGSEND = YES;
				ENABLE_TESTABILITY = YES;
				GCC_C_LANGUAGE_STANDARD = gnu11;
				GCC_DYNAMIC_NO_PIC = NO;
				GCC_NO_COMMON_BLOCKS = YES;
				GCC_OPTIMIZATION_LEVEL = 0;
				GCC_PREPROCESSOR_DEFINITIONS = (
					"DEBUG=1",
					"$(inherited)",
				);
				GCC_WARN_64_TO_32_BIT_CONVERSION = YES;
				GCC_WARN_ABOUT_RETURN_TYPE = YES_ERROR;
				GCC_WARN_UNDECLARED_SELECTOR = YES;
				GCC_WARN_UNINITIALIZED_AUTOS = YES_AGGRESSIVE;
				GCC_WARN_UNUSED_FUNCTION = YES;
				GCC_WARN_UNUSED_VARIABLE = YES;
				IPHONEOS_DEPLOYMENT_TARGET = 15.0;
				MTL_ENABLE_DEBUG_INFO = INCLUDE_SOURCE;
				MTL_FAST_MATH = YES;
				ONLY_ACTIVE_ARCH = YES;
				SDKROOT = iphoneos;
				SWIFT_ACTIVE_COMPILATION_CONDITIONS = DEBUG;
				SWIFT_OPTIMIZATION_LEVEL = "-Onone";
			};
			name = Debug;
		};
		DE67C84629B4A04E00988FD7 /* Release */ = {
			isa = XCBuildConfiguration;
			buildSettings = {
				ALWAYS_SEARCH_USER_PATHS = NO;
				CLANG_ANALYZER_NONNULL = YES;
				CLANG_ANALYZER_NUMBER_OBJECT_CONVERSION = YES_AGGRESSIVE;
				CLANG_CXX_LANGUAGE_STANDARD = "gnu++20";
				CLANG_ENABLE_MODULES = YES;
				CLANG_ENABLE_OBJC_ARC = YES;
				CLANG_ENABLE_OBJC_WEAK = YES;
				CLANG_WARN_BLOCK_CAPTURE_AUTORELEASING = YES;
				CLANG_WARN_BOOL_CONVERSION = YES;
				CLANG_WARN_COMMA = YES;
				CLANG_WARN_CONSTANT_CONVERSION = YES;
				CLANG_WARN_DEPRECATED_OBJC_IMPLEMENTATIONS = YES;
				CLANG_WARN_DIRECT_OBJC_ISA_USAGE = YES_ERROR;
				CLANG_WARN_DOCUMENTATION_COMMENTS = YES;
				CLANG_WARN_EMPTY_BODY = YES;
				CLANG_WARN_ENUM_CONVERSION = YES;
				CLANG_WARN_INFINITE_RECURSION = YES;
				CLANG_WARN_INT_CONVERSION = YES;
				CLANG_WARN_NON_LITERAL_NULL_CONVERSION = YES;
				CLANG_WARN_OBJC_IMPLICIT_RETAIN_SELF = YES;
				CLANG_WARN_OBJC_LITERAL_CONVERSION = YES;
				CLANG_WARN_OBJC_ROOT_CLASS = YES_ERROR;
				CLANG_WARN_QUOTED_INCLUDE_IN_FRAMEWORK_HEADER = YES;
				CLANG_WARN_RANGE_LOOP_ANALYSIS = YES;
				CLANG_WARN_STRICT_PROTOTYPES = YES;
				CLANG_WARN_SUSPICIOUS_MOVE = YES;
				CLANG_WARN_UNGUARDED_AVAILABILITY = YES_AGGRESSIVE;
				CLANG_WARN_UNREACHABLE_CODE = YES;
				CLANG_WARN__DUPLICATE_METHOD_MATCH = YES;
				COPY_PHASE_STRIP = NO;
				DEBUG_INFORMATION_FORMAT = "dwarf-with-dsym";
				ENABLE_NS_ASSERTIONS = NO;
				ENABLE_STRICT_OBJC_MSGSEND = YES;
				GCC_C_LANGUAGE_STANDARD = gnu11;
				GCC_NO_COMMON_BLOCKS = YES;
				GCC_WARN_64_TO_32_BIT_CONVERSION = YES;
				GCC_WARN_ABOUT_RETURN_TYPE = YES_ERROR;
				GCC_WARN_UNDECLARED_SELECTOR = YES;
				GCC_WARN_UNINITIALIZED_AUTOS = YES_AGGRESSIVE;
				GCC_WARN_UNUSED_FUNCTION = YES;
				GCC_WARN_UNUSED_VARIABLE = YES;
				IPHONEOS_DEPLOYMENT_TARGET = 15.0;
				MTL_ENABLE_DEBUG_INFO = NO;
				MTL_FAST_MATH = YES;
				SDKROOT = iphoneos;
				SWIFT_COMPILATION_MODE = wholemodule;
				SWIFT_OPTIMIZATION_LEVEL = "-O";
				VALIDATE_PRODUCT = YES;
			};
			name = Release;
		};
		DE67C84829B4A04E00988FD7 /* Debug */ = {
			isa = XCBuildConfiguration;
			baseConfigurationReference = E9F7449292B3301385C90978 /* Pods-LoremPicsum.debug.xcconfig */;
			buildSettings = {
				ASSETCATALOG_COMPILER_APPICON_NAME = AppIcon;
				ASSETCATALOG_COMPILER_GLOBAL_ACCENT_COLOR_NAME = AccentColor;
				CODE_SIGN_STYLE = Automatic;
				CURRENT_PROJECT_VERSION = 1;
				DEVELOPMENT_TEAM = L8Q8U8SHDF;
				ENABLE_PREVIEWS = YES;
				GENERATE_INFOPLIST_FILE = YES;
				INFOPLIST_FILE = LoremPicsum/Info.plist;
				INFOPLIST_KEY_CFBundleDisplayName = LoremPicsum;
				INFOPLIST_KEY_UIApplicationSupportsIndirectInputEvents = YES;
				INFOPLIST_KEY_UILaunchScreen_Generation = YES;
				INFOPLIST_KEY_UILaunchStoryboardName = LaunchScreen.storyboard;
				INFOPLIST_KEY_UISupportedInterfaceOrientations = UIInterfaceOrientationPortrait;
				IPHONEOS_DEPLOYMENT_TARGET = 15.0;
				LD_RUNPATH_SEARCH_PATHS = (
					"$(inherited)",
					"@executable_path/Frameworks",
				);
				MARKETING_VERSION = 1.0;
				PRODUCT_BUNDLE_IDENTIFIER = in.LoremPicsum;
				PRODUCT_NAME = "$(TARGET_NAME)";
				SUPPORTED_PLATFORMS = "iphoneos iphonesimulator";
				SUPPORTS_MACCATALYST = NO;
				SUPPORTS_MAC_DESIGNED_FOR_IPHONE_IPAD = NO;
				SWIFT_EMIT_LOC_STRINGS = YES;
				SWIFT_VERSION = 5.0;
				TARGETED_DEVICE_FAMILY = 1;
			};
			name = Debug;
		};
		DE67C84929B4A04E00988FD7 /* Release */ = {
			isa = XCBuildConfiguration;
			baseConfigurationReference = 8C1780EAC2B4AA16ABF66FDE /* Pods-LoremPicsum.release.xcconfig */;
			buildSettings = {
				ASSETCATALOG_COMPILER_APPICON_NAME = AppIcon;
				ASSETCATALOG_COMPILER_GLOBAL_ACCENT_COLOR_NAME = AccentColor;
				CODE_SIGN_STYLE = Automatic;
				CURRENT_PROJECT_VERSION = 1;
				DEVELOPMENT_TEAM = L8Q8U8SHDF;
				ENABLE_PREVIEWS = YES;
				GENERATE_INFOPLIST_FILE = YES;
				INFOPLIST_FILE = LoremPicsum/Info.plist;
				INFOPLIST_KEY_CFBundleDisplayName = LoremPicsum;
				INFOPLIST_KEY_UIApplicationSupportsIndirectInputEvents = YES;
				INFOPLIST_KEY_UILaunchScreen_Generation = YES;
				INFOPLIST_KEY_UILaunchStoryboardName = LaunchScreen.storyboard;
				INFOPLIST_KEY_UISupportedInterfaceOrientations = UIInterfaceOrientationPortrait;
				IPHONEOS_DEPLOYMENT_TARGET = 15.0;
				LD_RUNPATH_SEARCH_PATHS = (
					"$(inherited)",
					"@executable_path/Frameworks",
				);
				MARKETING_VERSION = 1.0;
				PRODUCT_BUNDLE_IDENTIFIER = in.LoremPicsum;
				PRODUCT_NAME = "$(TARGET_NAME)";
				SUPPORTED_PLATFORMS = "iphoneos iphonesimulator";
				SUPPORTS_MACCATALYST = NO;
				SUPPORTS_MAC_DESIGNED_FOR_IPHONE_IPAD = NO;
				SWIFT_EMIT_LOC_STRINGS = YES;
				SWIFT_VERSION = 5.0;
				TARGETED_DEVICE_FAMILY = 1;
			};
			name = Release;
		};
		DE67C84B29B4A04E00988FD7 /* Debug */ = {
			isa = XCBuildConfiguration;
			baseConfigurationReference = 300FA349AD2F2EDB692BC90C /* Pods-LoremPicsumTests.debug.xcconfig */;
			buildSettings = {
				ALWAYS_EMBED_SWIFT_STANDARD_LIBRARIES = YES;
				BUNDLE_LOADER = "$(TEST_HOST)";
				CODE_SIGN_STYLE = Automatic;
				CURRENT_PROJECT_VERSION = 1;
				DEVELOPMENT_TEAM = L8Q8U8SHDF;
				GENERATE_INFOPLIST_FILE = YES;
				IPHONEOS_DEPLOYMENT_TARGET = 16.2;
				MARKETING_VERSION = 1.0;
				PRODUCT_BUNDLE_IDENTIFIER = in.LoremPicsumTests;
				PRODUCT_NAME = "$(TARGET_NAME)";
				SWIFT_EMIT_LOC_STRINGS = NO;
				SWIFT_VERSION = 5.0;
				TARGETED_DEVICE_FAMILY = "1,2";
				TEST_HOST = "$(BUILT_PRODUCTS_DIR)/LoremPicsum.app/$(BUNDLE_EXECUTABLE_FOLDER_PATH)/LoremPicsum";
			};
			name = Debug;
		};
		DE67C84C29B4A04E00988FD7 /* Release */ = {
			isa = XCBuildConfiguration;
			baseConfigurationReference = 5A7CEBC0ECE4EB3F1E092B3D /* Pods-LoremPicsumTests.release.xcconfig */;
			buildSettings = {
				ALWAYS_EMBED_SWIFT_STANDARD_LIBRARIES = YES;
				BUNDLE_LOADER = "$(TEST_HOST)";
				CODE_SIGN_STYLE = Automatic;
				CURRENT_PROJECT_VERSION = 1;
				DEVELOPMENT_TEAM = L8Q8U8SHDF;
				GENERATE_INFOPLIST_FILE = YES;
				IPHONEOS_DEPLOYMENT_TARGET = 16.2;
				MARKETING_VERSION = 1.0;
				PRODUCT_BUNDLE_IDENTIFIER = in.LoremPicsumTests;
				PRODUCT_NAME = "$(TARGET_NAME)";
				SWIFT_EMIT_LOC_STRINGS = NO;
				SWIFT_VERSION = 5.0;
				TARGETED_DEVICE_FAMILY = "1,2";
				TEST_HOST = "$(BUILT_PRODUCTS_DIR)/LoremPicsum.app/$(BUNDLE_EXECUTABLE_FOLDER_PATH)/LoremPicsum";
			};
			name = Release;
		};
		DE67C84E29B4A04E00988FD7 /* Debug */ = {
			isa = XCBuildConfiguration;
			baseConfigurationReference = 3EC6FABE1980A842E322DA6F /* Pods-LoremPicsumUITests.debug.xcconfig */;
			buildSettings = {
				ALWAYS_EMBED_SWIFT_STANDARD_LIBRARIES = YES;
				CODE_SIGN_STYLE = Automatic;
				CURRENT_PROJECT_VERSION = 1;
				DEVELOPMENT_TEAM = L8Q8U8SHDF;
				GENERATE_INFOPLIST_FILE = YES;
				MARKETING_VERSION = 1.0;
				PRODUCT_BUNDLE_IDENTIFIER = in.LoremPicsumUITests;
				PRODUCT_NAME = "$(TARGET_NAME)";
				SWIFT_EMIT_LOC_STRINGS = NO;
				SWIFT_VERSION = 5.0;
				TARGETED_DEVICE_FAMILY = "1,2";
				TEST_TARGET_NAME = LoremPicsum;
			};
			name = Debug;
		};
		DE67C84F29B4A04E00988FD7 /* Release */ = {
			isa = XCBuildConfiguration;
			baseConfigurationReference = 45FAEA9F455A8B589808640D /* Pods-LoremPicsumUITests.release.xcconfig */;
			buildSettings = {
				ALWAYS_EMBED_SWIFT_STANDARD_LIBRARIES = YES;
				CODE_SIGN_STYLE = Automatic;
				CURRENT_PROJECT_VERSION = 1;
				DEVELOPMENT_TEAM = L8Q8U8SHDF;
				GENERATE_INFOPLIST_FILE = YES;
				MARKETING_VERSION = 1.0;
				PRODUCT_BUNDLE_IDENTIFIER = in.LoremPicsumUITests;
				PRODUCT_NAME = "$(TARGET_NAME)";
				SWIFT_EMIT_LOC_STRINGS = NO;
				SWIFT_VERSION = 5.0;
				TARGETED_DEVICE_FAMILY = "1,2";
				TEST_TARGET_NAME = LoremPicsum;
			};
			name = Release;
		};
/* End XCBuildConfiguration section */

/* Begin XCConfigurationList section */
		DE67C81E29B4A04C00988FD7 /* Build configuration list for PBXProject "LoremPicsum" */ = {
			isa = XCConfigurationList;
			buildConfigurations = (
				DE67C84529B4A04E00988FD7 /* Debug */,
				DE67C84629B4A04E00988FD7 /* Release */,
			);
			defaultConfigurationIsVisible = 0;
			defaultConfigurationName = Release;
		};
		DE67C84729B4A04E00988FD7 /* Build configuration list for PBXNativeTarget "LoremPicsum" */ = {
			isa = XCConfigurationList;
			buildConfigurations = (
				DE67C84829B4A04E00988FD7 /* Debug */,
				DE67C84929B4A04E00988FD7 /* Release */,
			);
			defaultConfigurationIsVisible = 0;
			defaultConfigurationName = Release;
		};
		DE67C84A29B4A04E00988FD7 /* Build configuration list for PBXNativeTarget "LoremPicsumTests" */ = {
			isa = XCConfigurationList;
			buildConfigurations = (
				DE67C84B29B4A04E00988FD7 /* Debug */,
				DE67C84C29B4A04E00988FD7 /* Release */,
			);
			defaultConfigurationIsVisible = 0;
			defaultConfigurationName = Release;
		};
		DE67C84D29B4A04E00988FD7 /* Build configuration list for PBXNativeTarget "LoremPicsumUITests" */ = {
			isa = XCConfigurationList;
			buildConfigurations = (
				DE67C84E29B4A04E00988FD7 /* Debug */,
				DE67C84F29B4A04E00988FD7 /* Release */,
			);
			defaultConfigurationIsVisible = 0;
			defaultConfigurationName = Release;
		};
/* End XCConfigurationList section */
	};
	rootObject = DE67C81B29B4A04C00988FD7 /* Project object */;
}
