PODS:
  - Kingfisher (7.6.2)
  - SwiftLint (0.50.3)

DEPENDENCIES:
  - Kingfisher
  - SwiftLint

SPEC REPOS:
  https://github.com/CocoaPods/Specs.git:
    - Kingfisher
    - SwiftLint

SPEC CHECKSUMS:
  Kingfisher: 6c5449c6450c5239166510ba04afe374a98afc4f
  SwiftLint: 77f7cb2b9bb81ab4a12fcc86448ba3f11afa50c6

PODFILE CHECKSUM: 3ad9307f6e96367d9c9b5fd45cd1deea6a4bc784

COCOAPODS: 1.11.3
